
Microsoft Visual Studio Solution File, Format Version 12.00
# Visual Studio Version 16
VisualStudioVersion = 16.0.29905.134
MinimumVisualStudioVersion = 10.0.40219.1
Project("{9A19103F-16F7-4668-BE54-9A1E7A4F7556}") = "AvailableStocksBroker", "AvailableStocksBroker\AvailableStocksBroker.csproj", "{144FC389-301F-4702-AC50-7D52DAF8F3C4}"
EndProject
Project("{9A19103F-16F7-4668-BE54-9A1E7A4F7556}") = "StockShareRequester", "StockShareRequester\StockShareRequester.csproj", "{0233BFCF-937B-45AF-AF7A-6456147F97BA}"
EndProject
Project("{FAE04EC0-301F-11D3-BF4B-00C04F79EFBC}") = "TobinTaxControl", "TobinTaxControl\TobinTaxControl.csproj", "{774D1449-4D57-4299-97DF-571BC76A89AE}"
EndProject
Project("{FAE04EC0-301F-11D3-BF4B-00C04F79EFBC}") = "UserController", "UserController\UserController.csproj", "{86D6D463-1D10-4AFA-8817-95B46773F517}"
EndProject
Global
	GlobalSection(SolutionConfigurationPlatforms) = preSolution
		Debug|Any CPU = Debug|Any CPU
		Release|Any CPU = Release|Any CPU
	EndGlobalSection
	GlobalSection(ProjectConfigurationPlatforms) = postSolution
		{144FC389-301F-4702-AC50-7D52DAF8F3C4}.Debug|Any CPU.ActiveCfg = Debug|Any CPU
		{144FC389-301F-4702-AC50-7D52DAF8F3C4}.Debug|Any CPU.Build.0 = Debug|Any CPU
		{144FC389-301F-4702-AC50-7D52DAF8F3C4}.Release|Any CPU.ActiveCfg = Release|Any CPU
		{144FC389-301F-4702-AC50-7D52DAF8F3C4}.Release|Any CPU.Build.0 = Release|Any CPU
		{0233BFCF-937B-45AF-AF7A-6456147F97BA}.Debug|Any CPU.ActiveCfg = Debug|Any CPU
		{0233BFCF-937B-45AF-AF7A-6456147F97BA}.Debug|Any CPU.Build.0 = Debug|Any CPU
		{0233BFCF-937B-45AF-AF7A-6456147F97BA}.Release|Any CPU.ActiveCfg = Release|Any CPU
		{0233BFCF-937B-45AF-AF7A-6456147F97BA}.Release|Any CPU.Build.0 = Release|Any CPU
		{774D1449-4D57-4299-97DF-571BC76A89AE}.Debug|Any CPU.ActiveCfg = Debug|Any CPU
		{774D1449-4D57-4299-97DF-571BC76A89AE}.Debug|Any CPU.Build.0 = Debug|Any CPU
		{774D1449-4D57-4299-97DF-571BC76A89AE}.Release|Any CPU.ActiveCfg = Release|Any CPU
		{774D1449-4D57-4299-97DF-571BC76A89AE}.Release|Any CPU.Build.0 = Release|Any CPU
		{86D6D463-1D10-4AFA-8817-95B46773F517}.Debug|Any CPU.ActiveCfg = Debug|Any CPU
		{86D6D463-1D10-4AFA-8817-95B46773F517}.Debug|Any CPU.Build.0 = Debug|Any CPU
		{86D6D463-1D10-4AFA-8817-95B46773F517}.Release|Any CPU.ActiveCfg = Release|Any CPU
		{86D6D463-1D10-4AFA-8817-95B46773F517}.Release|Any CPU.Build.0 = Release|Any CPU
	EndGlobalSection
	GlobalSection(SolutionProperties) = preSolution
		HideSolutionNode = FALSE
	EndGlobalSection
	GlobalSection(ExtensibilityGlobals) = postSolution
		SolutionGuid = {EDE907A9-7DBF-48B3-AAB3-3AF65CE4FCEC}
	EndGlobalSection
EndGlobal
